
Microsoft Visual Studio Solution File, Format Version 12.00
# Visual Studio Version 16
VisualStudioVersion = 16.0.30523.141
MinimumVisualStudioVersion = 10.0.40219.1
Project("{2150E333-8FDC-42A3-9474-1A3956D46DE8}") = "Src", "Src", "{B061B5C7-9788-40AC-AE64-7B8156536EDE}"
EndProject
Project("{9A19103F-16F7-4668-BE54-9A1E7A4F7556}") = "Application", "Application\Application.csproj", "{58FD27D7-ADA7-43C2-ACC6-DD5A08BCADDA}"
EndProject
Project("{9A19103F-16F7-4668-BE54-9A1E7A4F7556}") = "Domain", "Domain\Domain.csproj", "{93A90545-9329-47D6-BE80-E119120E337C}"
EndProject
Project("{9A19103F-16F7-4668-BE54-9A1E7A4F7556}") = "Infrastructure", "Infrastructure\Infrastructure.csproj", "{80B50785-4420-4E67-8B31-6BB35BBF4010}"
EndProject
Project("{9A19103F-16F7-4668-BE54-9A1E7A4F7556}") = "WebInterface", "WebInterface\WebInterface.csproj", "{C9478FE1-ACF2-40ED-A4C4-988C1E59EAF0}"
EndProject
Global
	GlobalSection(SolutionConfigurationPlatforms) = preSolution
		Debug|Any CPU = Debug|Any CPU
		Debug|x64 = Debug|x64
		Debug|x86 = Debug|x86
		Release|Any CPU = Release|Any CPU
		Release|x64 = Release|x64
		Release|x86 = Release|x86
	EndGlobalSection
	GlobalSection(ProjectConfigurationPlatforms) = postSolution
		{58FD27D7-ADA7-43C2-ACC6-DD5A08BCADDA}.Debug|Any CPU.ActiveCfg = Debug|Any CPU
		{58FD27D7-ADA7-43C2-ACC6-DD5A08BCADDA}.Debug|Any CPU.Build.0 = Debug|Any CPU
		{58FD27D7-ADA7-43C2-ACC6-DD5A08BCADDA}.Debug|x64.ActiveCfg = Debug|Any CPU
		{58FD27D7-ADA7-43C2-ACC6-DD5A08BCADDA}.Debug|x64.Build.0 = Debug|Any CPU
		{58FD27D7-ADA7-43C2-ACC6-DD5A08BCADDA}.Debug|x86.ActiveCfg = Debug|Any CPU
		{58FD27D7-ADA7-43C2-ACC6-DD5A08BCADDA}.Debug|x86.Build.0 = Debug|Any CPU
		{58FD27D7-ADA7-43C2-ACC6-DD5A08BCADDA}.Release|Any CPU.ActiveCfg = Release|Any CPU
		{58FD27D7-ADA7-43C2-ACC6-DD5A08BCADDA}.Release|Any CPU.Build.0 = Release|Any CPU
		{58FD27D7-ADA7-43C2-ACC6-DD5A08BCADDA}.Release|x64.ActiveCfg = Release|Any CPU
		{58FD27D7-ADA7-43C2-ACC6-DD5A08BCADDA}.Release|x64.Build.0 = Release|Any CPU
		{58FD27D7-ADA7-43C2-ACC6-DD5A08BCADDA}.Release|x86.ActiveCfg = Release|Any CPU
		{58FD27D7-ADA7-43C2-ACC6-DD5A08BCADDA}.Release|x86.Build.0 = Release|Any CPU
		{93A90545-9329-47D6-BE80-E119120E337C}.Debug|Any CPU.ActiveCfg = Debug|Any CPU
		{93A90545-9329-47D6-BE80-E119120E337C}.Debug|Any CPU.Build.0 = Debug|Any CPU
		{93A90545-9329-47D6-BE80-E119120E337C}.Debug|x64.ActiveCfg = Debug|Any CPU
		{93A90545-9329-47D6-BE80-E119120E337C}.Debug|x64.Build.0 = Debug|Any CPU
		{93A90545-9329-47D6-BE80-E119120E337C}.Debug|x86.ActiveCfg = Debug|Any CPU
		{93A90545-9329-47D6-BE80-E119120E337C}.Debug|x86.Build.0 = Debug|Any CPU
		{93A90545-9329-47D6-BE80-E119120E337C}.Release|Any CPU.ActiveCfg = Release|Any CPU
		{93A90545-9329-47D6-BE80-E119120E337C}.Release|Any CPU.Build.0 = Release|Any CPU
		{93A90545-9329-47D6-BE80-E119120E337C}.Release|x64.ActiveCfg = Release|Any CPU
		{93A90545-9329-47D6-BE80-E119120E337C}.Release|x64.Build.0 = Release|Any CPU
		{93A90545-9329-47D6-BE80-E119120E337C}.Release|x86.ActiveCfg = Release|Any CPU
		{93A90545-9329-47D6-BE80-E119120E337C}.Release|x86.Build.0 = Release|Any CPU
		{80B50785-4420-4E67-8B31-6BB35BBF4010}.Debug|Any CPU.ActiveCfg = Debug|Any CPU
		{80B50785-4420-4E67-8B31-6BB35BBF4010}.Debug|Any CPU.Build.0 = Debug|Any CPU
		{80B50785-4420-4E67-8B31-6BB35BBF4010}.Debug|x64.ActiveCfg = Debug|Any CPU
		{80B50785-4420-4E67-8B31-6BB35BBF4010}.Debug|x64.Build.0 = Debug|Any CPU
		{80B50785-4420-4E67-8B31-6BB35BBF4010}.Debug|x86.ActiveCfg = Debug|Any CPU
		{80B50785-4420-4E67-8B31-6BB35BBF4010}.Debug|x86.Build.0 = Debug|Any CPU
		{80B50785-4420-4E67-8B31-6BB35BBF4010}.Release|Any CPU.ActiveCfg = Release|Any CPU
		{80B50785-4420-4E67-8B31-6BB35BBF4010}.Release|Any CPU.Build.0 = Release|Any CPU
		{80B50785-4420-4E67-8B31-6BB35BBF4010}.Release|x64.ActiveCfg = Release|Any CPU
		{80B50785-4420-4E67-8B31-6BB35BBF4010}.Release|x64.Build.0 = Release|Any CPU
		{80B50785-4420-4E67-8B31-6BB35BBF4010}.Release|x86.ActiveCfg = Release|Any CPU
		{80B50785-4420-4E67-8B31-6BB35BBF4010}.Release|x86.Build.0 = Release|Any CPU
		{C9478FE1-ACF2-40ED-A4C4-988C1E59EAF0}.Debug|Any CPU.ActiveCfg = Debug|Any CPU
		{C9478FE1-ACF2-40ED-A4C4-988C1E59EAF0}.Debug|Any CPU.Build.0 = Debug|Any CPU
		{C9478FE1-ACF2-40ED-A4C4-988C1E59EAF0}.Debug|x64.ActiveCfg = Debug|Any CPU
		{C9478FE1-ACF2-40ED-A4C4-988C1E59EAF0}.Debug|x64.Build.0 = Debug|Any CPU
		{C9478FE1-ACF2-40ED-A4C4-988C1E59EAF0}.Debug|x86.ActiveCfg = Debug|Any CPU
		{C9478FE1-ACF2-40ED-A4C4-988C1E59EAF0}.Debug|x86.Build.0 = Debug|Any CPU
		{C9478FE1-ACF2-40ED-A4C4-988C1E59EAF0}.Release|Any CPU.ActiveCfg = Release|Any CPU
		{C9478FE1-ACF2-40ED-A4C4-988C1E59EAF0}.Release|Any CPU.Build.0 = Release|Any CPU
		{C9478FE1-ACF2-40ED-A4C4-988C1E59EAF0}.Release|x64.ActiveCfg = Release|Any CPU
		{C9478FE1-ACF2-40ED-A4C4-988C1E59EAF0}.Release|x64.Build.0 = Release|Any CPU
		{C9478FE1-ACF2-40ED-A4C4-988C1E59EAF0}.Release|x86.ActiveCfg = Release|Any CPU
		{C9478FE1-ACF2-40ED-A4C4-988C1E59EAF0}.Release|x86.Build.0 = Release|Any CPU
	EndGlobalSection
	GlobalSection(SolutionProperties) = preSolution
		HideSolutionNode = FALSE
	EndGlobalSection
	GlobalSection(NestedProjects) = preSolution
		{58FD27D7-ADA7-43C2-ACC6-DD5A08BCADDA} = {B061B5C7-9788-40AC-AE64-7B8156536EDE}
		{93A90545-9329-47D6-BE80-E119120E337C} = {B061B5C7-9788-40AC-AE64-7B8156536EDE}
		{80B50785-4420-4E67-8B31-6BB35BBF4010} = {B061B5C7-9788-40AC-AE64-7B8156536EDE}
		{C9478FE1-ACF2-40ED-A4C4-988C1E59EAF0} = {B061B5C7-9788-40AC-AE64-7B8156536EDE}
	EndGlobalSection
	GlobalSection(ExtensibilityGlobals) = postSolution
		SolutionGuid = {B743E13C-CA9D-48A2-BA26-BBBF7DE55A49}
	EndGlobalSection
EndGlobal
